
Microsoft Visual Studio Solution File, Format Version 12.00
# Visual Studio 2013
VisualStudioVersion = 12.0.30110.0
MinimumVisualStudioVersion = 10.0.40219.1
Project("{FAE04EC0-301F-11D3-BF4B-00C04F79EFBC}") = "WcfService", "WcfService\WcfService.csproj", "{BC420EFA-AC2B-4AF4-B782-3C403E670F7B}"
EndProject
Project("{FAE04EC0-301F-11D3-BF4B-00C04F79EFBC}") = "WcfSimpData", "WcfSimpData\WcfSimpData.csproj", "{7637A79B-D5FA-45BE-9D96-9CBB9D87E74E}"
EndProject
Project("{FAE04EC0-301F-11D3-BF4B-00C04F79EFBC}") = "SimpDBHelper", "SimpDBHelper\SimpDBHelper.csproj", "{A52E3E72-FD82-43FB-9E9C-CAF9786DDACC}"
EndProject
Project("{FAE04EC0-301F-11D3-BF4B-00C04F79EFBC}") = "WcfServerMGR", "WcfServerMGR\WcfServerMGR.csproj", "{5C3A4B1C-772E-44D1-A9A9-FFF8ECA3BF92}"
EndProject
Project("{FAE04EC0-301F-11D3-BF4B-00C04F79EFBC}") = "MachineCode_Test", "MachineCode_Test\MachineCode_Test.csproj", "{E27ADE46-F41B-4F79-A403-1AEE2C223B82}"
EndProject
Project("{FAE04EC0-301F-11D3-BF4B-00C04F79EFBC}") = "BaseDataCacheServer", "BaseDataCacheServer\BaseDataCacheServer.csproj", "{67D15514-11EB-431A-A0B5-41CCD1C89C22}"
EndProject
Global
	GlobalSection(SolutionConfigurationPlatforms) = preSolution
		Debug|Any CPU = Debug|Any CPU
		Release|Any CPU = Release|Any CPU
		SUDID_KEY_REGE|Any CPU = SUDID_KEY_REGE|Any CPU
	EndGlobalSection
	GlobalSection(ProjectConfigurationPlatforms) = postSolution
		{BC420EFA-AC2B-4AF4-B782-3C403E670F7B}.Debug|Any CPU.ActiveCfg = Debug|Any CPU
		{BC420EFA-AC2B-4AF4-B782-3C403E670F7B}.Debug|Any CPU.Build.0 = Debug|Any CPU
		{BC420EFA-AC2B-4AF4-B782-3C403E670F7B}.Release|Any CPU.ActiveCfg = Release|Any CPU
		{BC420EFA-AC2B-4AF4-B782-3C403E670F7B}.Release|Any CPU.Build.0 = Release|Any CPU
		{BC420EFA-AC2B-4AF4-B782-3C403E670F7B}.SUDID_KEY_REGE|Any CPU.ActiveCfg = Release|Any CPU
		{7637A79B-D5FA-45BE-9D96-9CBB9D87E74E}.Debug|Any CPU.ActiveCfg = Debug|Any CPU
		{7637A79B-D5FA-45BE-9D96-9CBB9D87E74E}.Debug|Any CPU.Build.0 = Debug|Any CPU
		{7637A79B-D5FA-45BE-9D96-9CBB9D87E74E}.Release|Any CPU.ActiveCfg = Release|Any CPU
		{7637A79B-D5FA-45BE-9D96-9CBB9D87E74E}.Release|Any CPU.Build.0 = Release|Any CPU
		{7637A79B-D5FA-45BE-9D96-9CBB9D87E74E}.SUDID_KEY_REGE|Any CPU.ActiveCfg = SUDID_KEY_REGE|Any CPU
		{7637A79B-D5FA-45BE-9D96-9CBB9D87E74E}.SUDID_KEY_REGE|Any CPU.Build.0 = SUDID_KEY_REGE|Any CPU
		{A52E3E72-FD82-43FB-9E9C-CAF9786DDACC}.Debug|Any CPU.ActiveCfg = Debug|Any CPU
		{A52E3E72-FD82-43FB-9E9C-CAF9786DDACC}.Debug|Any CPU.Build.0 = Debug|Any CPU
		{A52E3E72-FD82-43FB-9E9C-CAF9786DDACC}.Release|Any CPU.ActiveCfg = Release|Any CPU
		{A52E3E72-FD82-43FB-9E9C-CAF9786DDACC}.Release|Any CPU.Build.0 = Release|Any CPU
		{A52E3E72-FD82-43FB-9E9C-CAF9786DDACC}.SUDID_KEY_REGE|Any CPU.ActiveCfg = SUDID_KEY_REGE|Any CPU
		{A52E3E72-FD82-43FB-9E9C-CAF9786DDACC}.SUDID_KEY_REGE|Any CPU.Build.0 = SUDID_KEY_REGE|Any CPU
		{5C3A4B1C-772E-44D1-A9A9-FFF8ECA3BF92}.Debug|Any CPU.ActiveCfg = Debug|Any CPU
		{5C3A4B1C-772E-44D1-A9A9-FFF8ECA3BF92}.Debug|Any CPU.Build.0 = Debug|Any CPU
		{5C3A4B1C-772E-44D1-A9A9-FFF8ECA3BF92}.Release|Any CPU.ActiveCfg = Release|Any CPU
		{5C3A4B1C-772E-44D1-A9A9-FFF8ECA3BF92}.Release|Any CPU.Build.0 = Release|Any CPU
		{5C3A4B1C-772E-44D1-A9A9-FFF8ECA3BF92}.SUDID_KEY_REGE|Any CPU.ActiveCfg = SUDID_KEY_REGE|Any CPU
		{5C3A4B1C-772E-44D1-A9A9-FFF8ECA3BF92}.SUDID_KEY_REGE|Any CPU.Build.0 = SUDID_KEY_REGE|Any CPU
		{E27ADE46-F41B-4F79-A403-1AEE2C223B82}.Debug|Any CPU.ActiveCfg = Debug|Any CPU
		{E27ADE46-F41B-4F79-A403-1AEE2C223B82}.Debug|Any CPU.Build.0 = Debug|Any CPU
		{E27ADE46-F41B-4F79-A403-1AEE2C223B82}.Release|Any CPU.ActiveCfg = Release|Any CPU
		{E27ADE46-F41B-4F79-A403-1AEE2C223B82}.Release|Any CPU.Build.0 = Release|Any CPU
		{E27ADE46-F41B-4F79-A403-1AEE2C223B82}.SUDID_KEY_REGE|Any CPU.ActiveCfg = SUDID_KEY_REGE|Any CPU
		{E27ADE46-F41B-4F79-A403-1AEE2C223B82}.SUDID_KEY_REGE|Any CPU.Build.0 = SUDID_KEY_REGE|Any CPU
		{67D15514-11EB-431A-A0B5-41CCD1C89C22}.Debug|Any CPU.ActiveCfg = Debug|Any CPU
		{67D15514-11EB-431A-A0B5-41CCD1C89C22}.Debug|Any CPU.Build.0 = Debug|Any CPU
		{67D15514-11EB-431A-A0B5-41CCD1C89C22}.Release|Any CPU.ActiveCfg = Release|Any CPU
		{67D15514-11EB-431A-A0B5-41CCD1C89C22}.Release|Any CPU.Build.0 = Release|Any CPU
		{67D15514-11EB-431A-A0B5-41CCD1C89C22}.SUDID_KEY_REGE|Any CPU.ActiveCfg = Release|Any CPU
		{67D15514-11EB-431A-A0B5-41CCD1C89C22}.SUDID_KEY_REGE|Any CPU.Build.0 = Release|Any CPU
	EndGlobalSection
	GlobalSection(SolutionProperties) = preSolution
		HideSolutionNode = FALSE
	EndGlobalSection
EndGlobal
